
Microsoft Visual Studio Solution File, Format Version 12.00
# Visual Studio Version 17
VisualStudioVersion = 17.13.35825.156 d17.13
MinimumVisualStudioVersion = 10.0.40219.1
Project("{FAE04EC0-301F-11D3-BF4B-00C04F79EFBC}") = "MestFrekventSiffra", "MestFrekventSiffra.csproj", "{CA99AD0D-5187-48DC-A2A7-61BCC84ADC5E}"
EndProject
Global
	GlobalSection(SolutionConfigurationPlatforms) = preSolution
		Debug|Any CPU = Debug|Any CPU
		Release|Any CPU = Release|Any CPU
	EndGlobalSection
	GlobalSection(ProjectConfigurationPlatforms) = postSolution
		{CA99AD0D-5187-48DC-A2A7-61BCC84ADC5E}.Debug|Any CPU.ActiveCfg = Debug|Any CPU
		{CA99AD0D-5187-48DC-A2A7-61BCC84ADC5E}.Debug|Any CPU.Build.0 = Debug|Any CPU
		{CA99AD0D-5187-48DC-A2A7-61BCC84ADC5E}.Release|Any CPU.ActiveCfg = Release|Any CPU
		{CA99AD0D-5187-48DC-A2A7-61BCC84ADC5E}.Release|Any CPU.Build.0 = Release|Any CPU
	EndGlobalSection
	GlobalSection(SolutionProperties) = preSolution
		HideSolutionNode = FALSE
	EndGlobalSection
	GlobalSection(ExtensibilityGlobals) = postSolution
		SolutionGuid = {3DEA3DD1-7FEE-4ACC-8A13-BF1E0C709A69}
	EndGlobalSection
EndGlobal
